
Microsoft Visual Studio Solution File, Format Version 12.00
# Visual Studio Version 17
VisualStudioVersion = 17.14.36603.0 d17.14
MinimumVisualStudioVersion = 10.0.40219.1
Project("{FAE04EC0-301F-11D3-BF4B-00C04F79EFBC}") = "mywinForm", "mywinForm\mywinForm.csproj", "{90215667-DE4C-47E9-A304-AAE1C43D608F}"
EndProject
Global
	GlobalSection(SolutionConfigurationPlatforms) = preSolution
		Debug|Any CPU = Debug|Any CPU
		Release|Any CPU = Release|Any CPU
	EndGlobalSection
	GlobalSection(ProjectConfigurationPlatforms) = postSolution
		{90215667-DE4C-47E9-A304-AAE1C43D608F}.Debug|Any CPU.ActiveCfg = Debug|Any CPU
		{90215667-DE4C-47E9-A304-AAE1C43D608F}.Debug|Any CPU.Build.0 = Debug|Any CPU
		{90215667-DE4C-47E9-A304-AAE1C43D608F}.Release|Any CPU.ActiveCfg = Release|Any CPU
		{90215667-DE4C-47E9-A304-AAE1C43D608F}.Release|Any CPU.Build.0 = Release|Any CPU
	EndGlobalSection
	GlobalSection(SolutionProperties) = preSolution
		HideSolutionNode = FALSE
	EndGlobalSection
	GlobalSection(ExtensibilityGlobals) = postSolution
		SolutionGuid = {C63D71B5-8299-4E8E-BBD3-F731C7D47484}
	EndGlobalSection
EndGlobal
